
Microsoft Visual Studio Solution File, Format Version 12.00
# Visual Studio Version 16
VisualStudioVersion = 16.0.29519.181
MinimumVisualStudioVersion = 10.0.40219.1
Project("{FAE04EC0-301F-11D3-BF4B-00C04F79EFBC}") = "ConsoleApp2", "..\source\repos\ConsoleApp2\ConsoleApp2.csproj", "{CBF1668E-A5C3-4B07-B6FF-824A39C95BA3}"
EndProject
Project("{FAE04EC0-301F-11D3-BF4B-00C04F79EFBC}") = "ConsoleApp3", "..\source\repos\ConsoleApp3\ConsoleApp3.csproj", "{282E063C-6779-431B-99FD-983875B6FCAE}"
EndProject
Project("{FAE04EC0-301F-11D3-BF4B-00C04F79EFBC}") = "ConsoleApp4", "..\source\repos\ConsoleApp4\ConsoleApp4.csproj", "{3C40B152-12FE-42A0-8D86-55305E5985B5}"
EndProject
Project("{FAE04EC0-301F-11D3-BF4B-00C04F79EFBC}") = "ConsoleApp5", "..\source\repos\ConsoleApp5\ConsoleApp5.csproj", "{060DD5A8-43F2-4F04-839E-49A28F94296A}"
EndProject
Global
	GlobalSection(SolutionConfigurationPlatforms) = preSolution
		Debug|Any CPU = Debug|Any CPU
		Release|Any CPU = Release|Any CPU
	EndGlobalSection
	GlobalSection(ProjectConfigurationPlatforms) = postSolution
		{CBF1668E-A5C3-4B07-B6FF-824A39C95BA3}.Debug|Any CPU.ActiveCfg = Debug|Any CPU
		{CBF1668E-A5C3-4B07-B6FF-824A39C95BA3}.Debug|Any CPU.Build.0 = Debug|Any CPU
		{CBF1668E-A5C3-4B07-B6FF-824A39C95BA3}.Release|Any CPU.ActiveCfg = Release|Any CPU
		{CBF1668E-A5C3-4B07-B6FF-824A39C95BA3}.Release|Any CPU.Build.0 = Release|Any CPU
		{282E063C-6779-431B-99FD-983875B6FCAE}.Debug|Any CPU.ActiveCfg = Debug|Any CPU
		{282E063C-6779-431B-99FD-983875B6FCAE}.Debug|Any CPU.Build.0 = Debug|Any CPU
		{282E063C-6779-431B-99FD-983875B6FCAE}.Release|Any CPU.ActiveCfg = Release|Any CPU
		{282E063C-6779-431B-99FD-983875B6FCAE}.Release|Any CPU.Build.0 = Release|Any CPU
		{3C40B152-12FE-42A0-8D86-55305E5985B5}.Debug|Any CPU.ActiveCfg = Debug|Any CPU
		{3C40B152-12FE-42A0-8D86-55305E5985B5}.Debug|Any CPU.Build.0 = Debug|Any CPU
		{3C40B152-12FE-42A0-8D86-55305E5985B5}.Release|Any CPU.ActiveCfg = Release|Any CPU
		{3C40B152-12FE-42A0-8D86-55305E5985B5}.Release|Any CPU.Build.0 = Release|Any CPU
		{060DD5A8-43F2-4F04-839E-49A28F94296A}.Debug|Any CPU.ActiveCfg = Debug|Any CPU
		{060DD5A8-43F2-4F04-839E-49A28F94296A}.Debug|Any CPU.Build.0 = Debug|Any CPU
		{060DD5A8-43F2-4F04-839E-49A28F94296A}.Release|Any CPU.ActiveCfg = Release|Any CPU
		{060DD5A8-43F2-4F04-839E-49A28F94296A}.Release|Any CPU.Build.0 = Release|Any CPU
	EndGlobalSection
	GlobalSection(SolutionProperties) = preSolution
		HideSolutionNode = FALSE
	EndGlobalSection
	GlobalSection(ExtensibilityGlobals) = postSolution
		SolutionGuid = {B054D1F3-BC41-4427-BF37-26F3AB7972D4}
	EndGlobalSection
EndGlobal
